
Microsoft Visual Studio Solution File, Format Version 12.00
# Visual Studio Version 16
VisualStudioVersion = 16.0.30621.155
MinimumVisualStudioVersion = 10.0.40219.1
Project("{FAE04EC0-301F-11D3-BF4B-00C04F79EFBC}") = "RadiansToDegrees", "RadiansToDegrees\RadiansToDegrees.csproj", "{BA0CEA69-CAFF-4AC3-AD17-6D5B25AA0280}"
EndProject
Global
	GlobalSection(SolutionConfigurationPlatforms) = preSolution
		Debug|Any CPU = Debug|Any CPU
		Release|Any CPU = Release|Any CPU
	EndGlobalSection
	GlobalSection(ProjectConfigurationPlatforms) = postSolution
		{BA0CEA69-CAFF-4AC3-AD17-6D5B25AA0280}.Debug|Any CPU.ActiveCfg = Debug|Any CPU
		{BA0CEA69-CAFF-4AC3-AD17-6D5B25AA0280}.Debug|Any CPU.Build.0 = Debug|Any CPU
		{BA0CEA69-CAFF-4AC3-AD17-6D5B25AA0280}.Release|Any CPU.ActiveCfg = Release|Any CPU
		{BA0CEA69-CAFF-4AC3-AD17-6D5B25AA0280}.Release|Any CPU.Build.0 = Release|Any CPU
	EndGlobalSection
	GlobalSection(SolutionProperties) = preSolution
		HideSolutionNode = FALSE
	EndGlobalSection
	GlobalSection(ExtensibilityGlobals) = postSolution
		SolutionGuid = {11708400-A400-4D5C-97F9-6E30A8770449}
	EndGlobalSection
EndGlobal
