
Microsoft Visual Studio Solution File, Format Version 12.00
# Visual Studio Version 16
VisualStudioVersion = 16.0.30621.155
MinimumVisualStudioVersion = 10.0.40219.1
Project("{9A19103F-16F7-4668-BE54-9A1E7A4F7556}") = "01.ClassBoxData", "01.ClassBoxData\01.ClassBoxData.csproj", "{8193D6A0-3242-497E-93E0-162C429AB442}"
EndProject
Project("{9A19103F-16F7-4668-BE54-9A1E7A4F7556}") = "04.PizzaCalories", "04.PizzaCalories\04.PizzaCalories.csproj", "{DAAA0F33-88DD-45AD-A476-C3518EBC6F41}"
EndProject
Project("{FAE04EC0-301F-11D3-BF4B-00C04F79EFBC}") = "03.ShoppingSpree", "03.ShoppingSpree\03.ShoppingSpree.csproj", "{D1A67497-7929-4D10-91FE-D2BE2A276ACB}"
EndProject
Global
	GlobalSection(SolutionConfigurationPlatforms) = preSolution
		Debug|Any CPU = Debug|Any CPU
		Release|Any CPU = Release|Any CPU
	EndGlobalSection
	GlobalSection(ProjectConfigurationPlatforms) = postSolution
		{8193D6A0-3242-497E-93E0-162C429AB442}.Debug|Any CPU.ActiveCfg = Debug|Any CPU
		{8193D6A0-3242-497E-93E0-162C429AB442}.Debug|Any CPU.Build.0 = Debug|Any CPU
		{8193D6A0-3242-497E-93E0-162C429AB442}.Release|Any CPU.ActiveCfg = Release|Any CPU
		{8193D6A0-3242-497E-93E0-162C429AB442}.Release|Any CPU.Build.0 = Release|Any CPU
		{DAAA0F33-88DD-45AD-A476-C3518EBC6F41}.Debug|Any CPU.ActiveCfg = Debug|Any CPU
		{DAAA0F33-88DD-45AD-A476-C3518EBC6F41}.Debug|Any CPU.Build.0 = Debug|Any CPU
		{DAAA0F33-88DD-45AD-A476-C3518EBC6F41}.Release|Any CPU.ActiveCfg = Release|Any CPU
		{DAAA0F33-88DD-45AD-A476-C3518EBC6F41}.Release|Any CPU.Build.0 = Release|Any CPU
		{D1A67497-7929-4D10-91FE-D2BE2A276ACB}.Debug|Any CPU.ActiveCfg = Debug|Any CPU
		{D1A67497-7929-4D10-91FE-D2BE2A276ACB}.Debug|Any CPU.Build.0 = Debug|Any CPU
		{D1A67497-7929-4D10-91FE-D2BE2A276ACB}.Release|Any CPU.ActiveCfg = Release|Any CPU
		{D1A67497-7929-4D10-91FE-D2BE2A276ACB}.Release|Any CPU.Build.0 = Release|Any CPU
	EndGlobalSection
	GlobalSection(SolutionProperties) = preSolution
		HideSolutionNode = FALSE
	EndGlobalSection
	GlobalSection(ExtensibilityGlobals) = postSolution
		SolutionGuid = {0AE3E543-DD5C-434C-9CD4-D94C99C725D4}
	EndGlobalSection
EndGlobal
