
Microsoft Visual Studio Solution File, Format Version 12.00
# Visual Studio Version 16
VisualStudioVersion = 16.0.30621.155
MinimumVisualStudioVersion = 10.0.40219.1
Project("{9A19103F-16F7-4668-BE54-9A1E7A4F7556}") = "ClassroomProject", "ClassroomProject.csproj", "{59270E06-AC63-4814-8439-633909832CE7}"
EndProject
Global
	GlobalSection(SolutionConfigurationPlatforms) = preSolution
		Debug|Any CPU = Debug|Any CPU
		Release|Any CPU = Release|Any CPU
	EndGlobalSection
	GlobalSection(ProjectConfigurationPlatforms) = postSolution
		{59270E06-AC63-4814-8439-633909832CE7}.Debug|Any CPU.ActiveCfg = Debug|Any CPU
		{59270E06-AC63-4814-8439-633909832CE7}.Debug|Any CPU.Build.0 = Debug|Any CPU
		{59270E06-AC63-4814-8439-633909832CE7}.Release|Any CPU.ActiveCfg = Release|Any CPU
		{59270E06-AC63-4814-8439-633909832CE7}.Release|Any CPU.Build.0 = Release|Any CPU
	EndGlobalSection
	GlobalSection(SolutionProperties) = preSolution
		HideSolutionNode = FALSE
	EndGlobalSection
	GlobalSection(ExtensibilityGlobals) = postSolution
		SolutionGuid = {F1A5CDF5-5D17-470B-96D1-55B6C265AA8A}
	EndGlobalSection
EndGlobal
