
Microsoft Visual Studio Solution File, Format Version 12.00
# Visual Studio Version 16
VisualStudioVersion = 16.0.30621.155
MinimumVisualStudioVersion = 10.0.40219.1
Project("{FAE04EC0-301F-11D3-BF4B-00C04F79EFBC}") = "01.WorldTour", "01.WorldTour\01.WorldTour.csproj", "{E111E8D4-52EC-4199-BF81-71D0EFD3173C}"
EndProject
Project("{FAE04EC0-301F-11D3-BF4B-00C04F79EFBC}") = "02.DestinationMapper", "02.DestinationMapper\02.DestinationMapper.csproj", "{C67BFAB2-3BBD-4430-8C12-0F8F8B58E8B1}"
EndProject
Project("{FAE04EC0-301F-11D3-BF4B-00C04F79EFBC}") = "03.PlantDiscovery", "03.PlantDiscovery\03.PlantDiscovery.csproj", "{6E800A1C-CD85-41AF-92C3-E6DEBED2B343}"
EndProject
Global
	GlobalSection(SolutionConfigurationPlatforms) = preSolution
		Debug|Any CPU = Debug|Any CPU
		Release|Any CPU = Release|Any CPU
	EndGlobalSection
	GlobalSection(ProjectConfigurationPlatforms) = postSolution
		{E111E8D4-52EC-4199-BF81-71D0EFD3173C}.Debug|Any CPU.ActiveCfg = Debug|Any CPU
		{E111E8D4-52EC-4199-BF81-71D0EFD3173C}.Debug|Any CPU.Build.0 = Debug|Any CPU
		{E111E8D4-52EC-4199-BF81-71D0EFD3173C}.Release|Any CPU.ActiveCfg = Release|Any CPU
		{E111E8D4-52EC-4199-BF81-71D0EFD3173C}.Release|Any CPU.Build.0 = Release|Any CPU
		{C67BFAB2-3BBD-4430-8C12-0F8F8B58E8B1}.Debug|Any CPU.ActiveCfg = Debug|Any CPU
		{C67BFAB2-3BBD-4430-8C12-0F8F8B58E8B1}.Debug|Any CPU.Build.0 = Debug|Any CPU
		{C67BFAB2-3BBD-4430-8C12-0F8F8B58E8B1}.Release|Any CPU.ActiveCfg = Release|Any CPU
		{C67BFAB2-3BBD-4430-8C12-0F8F8B58E8B1}.Release|Any CPU.Build.0 = Release|Any CPU
		{6E800A1C-CD85-41AF-92C3-E6DEBED2B343}.Debug|Any CPU.ActiveCfg = Debug|Any CPU
		{6E800A1C-CD85-41AF-92C3-E6DEBED2B343}.Debug|Any CPU.Build.0 = Debug|Any CPU
		{6E800A1C-CD85-41AF-92C3-E6DEBED2B343}.Release|Any CPU.ActiveCfg = Release|Any CPU
		{6E800A1C-CD85-41AF-92C3-E6DEBED2B343}.Release|Any CPU.Build.0 = Release|Any CPU
	EndGlobalSection
	GlobalSection(SolutionProperties) = preSolution
		HideSolutionNode = FALSE
	EndGlobalSection
	GlobalSection(ExtensibilityGlobals) = postSolution
		SolutionGuid = {2BAAC751-01B8-480B-B74D-40927D054232}
	EndGlobalSection
EndGlobal
