
Microsoft Visual Studio Solution File, Format Version 12.00
# Visual Studio Version 16
VisualStudioVersion = 16.0.30621.155
MinimumVisualStudioVersion = 10.0.40219.1
Project("{9A19103F-16F7-4668-BE54-9A1E7A4F7556}") = "ReadText", "ReadText\ReadText.csproj", "{9A6587A1-364D-4BCB-8875-6F67777EE022}"
EndProject
Project("{9A19103F-16F7-4668-BE54-9A1E7A4F7556}") = "Password", "Password\Password.csproj", "{E9769251-89CF-4C28-9A3B-F2FBF3276882}"
EndProject
Project("{9A19103F-16F7-4668-BE54-9A1E7A4F7556}") = "SumNumbers", "SumNumbers\SumNumbers.csproj", "{9C3B639C-C617-4DB6-AC05-8F42F71AB99E}"
EndProject
Project("{9A19103F-16F7-4668-BE54-9A1E7A4F7556}") = "Sequence2k+1", "Sequence2k+1\Sequence2k+1.csproj", "{C839EE19-4B0B-48DF-962A-6F8494F0DAB9}"
EndProject
Project("{FAE04EC0-301F-11D3-BF4B-00C04F79EFBC}") = "AccountBalance", "AccountBalance\AccountBalance.csproj", "{D82F4E92-A221-433B-801C-6F7AD0BE3E81}"
EndProject
Project("{FAE04EC0-301F-11D3-BF4B-00C04F79EFBC}") = "MaxNumber", "MaxNumber\MaxNumber.csproj", "{9310CADE-A482-4540-9345-1AC1D44A5DC9}"
EndProject
Project("{FAE04EC0-301F-11D3-BF4B-00C04F79EFBC}") = "MinNumber", "MinNumber\MinNumber.csproj", "{A5ABABA0-7B2D-452B-90E3-BF7D71FEE82B}"
EndProject
Project("{FAE04EC0-301F-11D3-BF4B-00C04F79EFBC}") = "Graduation-Pt.2", "Graduation-Pt.2\Graduation-Pt.2.csproj", "{8A2CC80A-82EC-427B-8540-D374EA0B6B72}"
EndProject
Project("{FAE04EC0-301F-11D3-BF4B-00C04F79EFBC}") = "Moving", "Moving\Moving.csproj", "{3FD053D7-D4E5-4B0B-A248-97C1DE94FBD6}"
EndProject
Global
	GlobalSection(SolutionConfigurationPlatforms) = preSolution
		Debug|Any CPU = Debug|Any CPU
		Release|Any CPU = Release|Any CPU
	EndGlobalSection
	GlobalSection(ProjectConfigurationPlatforms) = postSolution
		{9A6587A1-364D-4BCB-8875-6F67777EE022}.Debug|Any CPU.ActiveCfg = Debug|Any CPU
		{9A6587A1-364D-4BCB-8875-6F67777EE022}.Debug|Any CPU.Build.0 = Debug|Any CPU
		{9A6587A1-364D-4BCB-8875-6F67777EE022}.Release|Any CPU.ActiveCfg = Release|Any CPU
		{9A6587A1-364D-4BCB-8875-6F67777EE022}.Release|Any CPU.Build.0 = Release|Any CPU
		{E9769251-89CF-4C28-9A3B-F2FBF3276882}.Debug|Any CPU.ActiveCfg = Debug|Any CPU
		{E9769251-89CF-4C28-9A3B-F2FBF3276882}.Debug|Any CPU.Build.0 = Debug|Any CPU
		{E9769251-89CF-4C28-9A3B-F2FBF3276882}.Release|Any CPU.ActiveCfg = Release|Any CPU
		{E9769251-89CF-4C28-9A3B-F2FBF3276882}.Release|Any CPU.Build.0 = Release|Any CPU
		{9C3B639C-C617-4DB6-AC05-8F42F71AB99E}.Debug|Any CPU.ActiveCfg = Debug|Any CPU
		{9C3B639C-C617-4DB6-AC05-8F42F71AB99E}.Debug|Any CPU.Build.0 = Debug|Any CPU
		{9C3B639C-C617-4DB6-AC05-8F42F71AB99E}.Release|Any CPU.ActiveCfg = Release|Any CPU
		{9C3B639C-C617-4DB6-AC05-8F42F71AB99E}.Release|Any CPU.Build.0 = Release|Any CPU
		{C839EE19-4B0B-48DF-962A-6F8494F0DAB9}.Debug|Any CPU.ActiveCfg = Debug|Any CPU
		{C839EE19-4B0B-48DF-962A-6F8494F0DAB9}.Debug|Any CPU.Build.0 = Debug|Any CPU
		{C839EE19-4B0B-48DF-962A-6F8494F0DAB9}.Release|Any CPU.ActiveCfg = Release|Any CPU
		{C839EE19-4B0B-48DF-962A-6F8494F0DAB9}.Release|Any CPU.Build.0 = Release|Any CPU
		{D82F4E92-A221-433B-801C-6F7AD0BE3E81}.Debug|Any CPU.ActiveCfg = Debug|Any CPU
		{D82F4E92-A221-433B-801C-6F7AD0BE3E81}.Debug|Any CPU.Build.0 = Debug|Any CPU
		{D82F4E92-A221-433B-801C-6F7AD0BE3E81}.Release|Any CPU.ActiveCfg = Release|Any CPU
		{D82F4E92-A221-433B-801C-6F7AD0BE3E81}.Release|Any CPU.Build.0 = Release|Any CPU
		{9310CADE-A482-4540-9345-1AC1D44A5DC9}.Debug|Any CPU.ActiveCfg = Debug|Any CPU
		{9310CADE-A482-4540-9345-1AC1D44A5DC9}.Debug|Any CPU.Build.0 = Debug|Any CPU
		{9310CADE-A482-4540-9345-1AC1D44A5DC9}.Release|Any CPU.ActiveCfg = Release|Any CPU
		{9310CADE-A482-4540-9345-1AC1D44A5DC9}.Release|Any CPU.Build.0 = Release|Any CPU
		{A5ABABA0-7B2D-452B-90E3-BF7D71FEE82B}.Debug|Any CPU.ActiveCfg = Debug|Any CPU
		{A5ABABA0-7B2D-452B-90E3-BF7D71FEE82B}.Debug|Any CPU.Build.0 = Debug|Any CPU
		{A5ABABA0-7B2D-452B-90E3-BF7D71FEE82B}.Release|Any CPU.ActiveCfg = Release|Any CPU
		{A5ABABA0-7B2D-452B-90E3-BF7D71FEE82B}.Release|Any CPU.Build.0 = Release|Any CPU
		{8A2CC80A-82EC-427B-8540-D374EA0B6B72}.Debug|Any CPU.ActiveCfg = Debug|Any CPU
		{8A2CC80A-82EC-427B-8540-D374EA0B6B72}.Debug|Any CPU.Build.0 = Debug|Any CPU
		{8A2CC80A-82EC-427B-8540-D374EA0B6B72}.Release|Any CPU.ActiveCfg = Release|Any CPU
		{8A2CC80A-82EC-427B-8540-D374EA0B6B72}.Release|Any CPU.Build.0 = Release|Any CPU
		{3FD053D7-D4E5-4B0B-A248-97C1DE94FBD6}.Debug|Any CPU.ActiveCfg = Debug|Any CPU
		{3FD053D7-D4E5-4B0B-A248-97C1DE94FBD6}.Debug|Any CPU.Build.0 = Debug|Any CPU
		{3FD053D7-D4E5-4B0B-A248-97C1DE94FBD6}.Release|Any CPU.ActiveCfg = Release|Any CPU
		{3FD053D7-D4E5-4B0B-A248-97C1DE94FBD6}.Release|Any CPU.Build.0 = Release|Any CPU
	EndGlobalSection
	GlobalSection(SolutionProperties) = preSolution
		HideSolutionNode = FALSE
	EndGlobalSection
	GlobalSection(ExtensibilityGlobals) = postSolution
		SolutionGuid = {D04580C6-CE5C-4E1A-8569-0C1F931C8436}
	EndGlobalSection
EndGlobal
