
Microsoft Visual Studio Solution File, Format Version 12.00
# Visual Studio Version 16
VisualStudioVersion = 16.0.30621.155
MinimumVisualStudioVersion = 10.0.40219.1
Project("{FAE04EC0-301F-11D3-BF4B-00C04F79EFBC}") = "MatchFullName", "MatchFullName\MatchFullName.csproj", "{C4CD6BF0-BBD7-4E72-8E4F-AB48D6DB76A4}"
EndProject
Project("{FAE04EC0-301F-11D3-BF4B-00C04F79EFBC}") = "MatchPhoneNumber", "MatchPhoneNumber\MatchPhoneNumber.csproj", "{027D4CF1-45D0-4B69-B39F-43F0867B8D63}"
EndProject
Project("{FAE04EC0-301F-11D3-BF4B-00C04F79EFBC}") = "MatchDates", "MatchDates\MatchDates.csproj", "{47A5EEA5-646C-4C3F-95D0-DCFE13AFD0CA}"
EndProject
Global
	GlobalSection(SolutionConfigurationPlatforms) = preSolution
		Debug|Any CPU = Debug|Any CPU
		Release|Any CPU = Release|Any CPU
	EndGlobalSection
	GlobalSection(ProjectConfigurationPlatforms) = postSolution
		{C4CD6BF0-BBD7-4E72-8E4F-AB48D6DB76A4}.Debug|Any CPU.ActiveCfg = Debug|Any CPU
		{C4CD6BF0-BBD7-4E72-8E4F-AB48D6DB76A4}.Debug|Any CPU.Build.0 = Debug|Any CPU
		{C4CD6BF0-BBD7-4E72-8E4F-AB48D6DB76A4}.Release|Any CPU.ActiveCfg = Release|Any CPU
		{C4CD6BF0-BBD7-4E72-8E4F-AB48D6DB76A4}.Release|Any CPU.Build.0 = Release|Any CPU
		{027D4CF1-45D0-4B69-B39F-43F0867B8D63}.Debug|Any CPU.ActiveCfg = Debug|Any CPU
		{027D4CF1-45D0-4B69-B39F-43F0867B8D63}.Debug|Any CPU.Build.0 = Debug|Any CPU
		{027D4CF1-45D0-4B69-B39F-43F0867B8D63}.Release|Any CPU.ActiveCfg = Release|Any CPU
		{027D4CF1-45D0-4B69-B39F-43F0867B8D63}.Release|Any CPU.Build.0 = Release|Any CPU
		{47A5EEA5-646C-4C3F-95D0-DCFE13AFD0CA}.Debug|Any CPU.ActiveCfg = Debug|Any CPU
		{47A5EEA5-646C-4C3F-95D0-DCFE13AFD0CA}.Debug|Any CPU.Build.0 = Debug|Any CPU
		{47A5EEA5-646C-4C3F-95D0-DCFE13AFD0CA}.Release|Any CPU.ActiveCfg = Release|Any CPU
		{47A5EEA5-646C-4C3F-95D0-DCFE13AFD0CA}.Release|Any CPU.Build.0 = Release|Any CPU
	EndGlobalSection
	GlobalSection(SolutionProperties) = preSolution
		HideSolutionNode = FALSE
	EndGlobalSection
	GlobalSection(ExtensibilityGlobals) = postSolution
		SolutionGuid = {335F69DB-5B38-4C68-97AF-390431AC8930}
	EndGlobalSection
EndGlobal
