
Microsoft Visual Studio Solution File, Format Version 12.00
# Visual Studio Version 16
VisualStudioVersion = 16.0.30621.155
MinimumVisualStudioVersion = 10.0.40219.1
Project("{FAE04EC0-301F-11D3-BF4B-00C04F79EFBC}") = "CatFood", "CatFood\CatFood.csproj", "{8D6CD98B-E859-4557-B84F-0840F5CFAFD4}"
EndProject
Project("{FAE04EC0-301F-11D3-BF4B-00C04F79EFBC}") = "PassengersPerFlight", "PassengersPerFlight\PassengersPerFlight.csproj", "{88847332-223D-4E46-8C13-FF5A3086DE0F}"
EndProject
Project("{FAE04EC0-301F-11D3-BF4B-00C04F79EFBC}") = "PastryShop", "PastryShop\PastryShop.csproj", "{006B346D-7B53-4821-AB3F-2B86FFD34D31}"
EndProject
Project("{FAE04EC0-301F-11D3-BF4B-00C04F79EFBC}") = "MiningRig", "MiningRig\MiningRig.csproj", "{2BF3F9D0-867E-40E6-BFD0-93E6CD49FDF8}"
EndProject
Project("{FAE04EC0-301F-11D3-BF4B-00C04F79EFBC}") = "Spaceship", "Spaceship\Spaceship.csproj", "{D7907772-B302-43ED-BA8C-0A6E7C51E7A9}"
EndProject
Global
	GlobalSection(SolutionConfigurationPlatforms) = preSolution
		Debug|Any CPU = Debug|Any CPU
		Release|Any CPU = Release|Any CPU
	EndGlobalSection
	GlobalSection(ProjectConfigurationPlatforms) = postSolution
		{8D6CD98B-E859-4557-B84F-0840F5CFAFD4}.Debug|Any CPU.ActiveCfg = Debug|Any CPU
		{8D6CD98B-E859-4557-B84F-0840F5CFAFD4}.Debug|Any CPU.Build.0 = Debug|Any CPU
		{8D6CD98B-E859-4557-B84F-0840F5CFAFD4}.Release|Any CPU.ActiveCfg = Release|Any CPU
		{8D6CD98B-E859-4557-B84F-0840F5CFAFD4}.Release|Any CPU.Build.0 = Release|Any CPU
		{88847332-223D-4E46-8C13-FF5A3086DE0F}.Debug|Any CPU.ActiveCfg = Debug|Any CPU
		{88847332-223D-4E46-8C13-FF5A3086DE0F}.Debug|Any CPU.Build.0 = Debug|Any CPU
		{88847332-223D-4E46-8C13-FF5A3086DE0F}.Release|Any CPU.ActiveCfg = Release|Any CPU
		{88847332-223D-4E46-8C13-FF5A3086DE0F}.Release|Any CPU.Build.0 = Release|Any CPU
		{006B346D-7B53-4821-AB3F-2B86FFD34D31}.Debug|Any CPU.ActiveCfg = Debug|Any CPU
		{006B346D-7B53-4821-AB3F-2B86FFD34D31}.Debug|Any CPU.Build.0 = Debug|Any CPU
		{006B346D-7B53-4821-AB3F-2B86FFD34D31}.Release|Any CPU.ActiveCfg = Release|Any CPU
		{006B346D-7B53-4821-AB3F-2B86FFD34D31}.Release|Any CPU.Build.0 = Release|Any CPU
		{2BF3F9D0-867E-40E6-BFD0-93E6CD49FDF8}.Debug|Any CPU.ActiveCfg = Debug|Any CPU
		{2BF3F9D0-867E-40E6-BFD0-93E6CD49FDF8}.Debug|Any CPU.Build.0 = Debug|Any CPU
		{2BF3F9D0-867E-40E6-BFD0-93E6CD49FDF8}.Release|Any CPU.ActiveCfg = Release|Any CPU
		{2BF3F9D0-867E-40E6-BFD0-93E6CD49FDF8}.Release|Any CPU.Build.0 = Release|Any CPU
		{D7907772-B302-43ED-BA8C-0A6E7C51E7A9}.Debug|Any CPU.ActiveCfg = Debug|Any CPU
		{D7907772-B302-43ED-BA8C-0A6E7C51E7A9}.Debug|Any CPU.Build.0 = Debug|Any CPU
		{D7907772-B302-43ED-BA8C-0A6E7C51E7A9}.Release|Any CPU.ActiveCfg = Release|Any CPU
		{D7907772-B302-43ED-BA8C-0A6E7C51E7A9}.Release|Any CPU.Build.0 = Release|Any CPU
	EndGlobalSection
	GlobalSection(SolutionProperties) = preSolution
		HideSolutionNode = FALSE
	EndGlobalSection
	GlobalSection(ExtensibilityGlobals) = postSolution
		SolutionGuid = {30FC0529-1867-46D5-9576-4D323D5D3F26}
	EndGlobalSection
EndGlobal
