
Microsoft Visual Studio Solution File, Format Version 12.00
# Visual Studio Version 16
VisualStudioVersion = 16.0.30621.155
MinimumVisualStudioVersion = 10.0.40219.1
Project("{9A19103F-16F7-4668-BE54-9A1E7A4F7556}") = "Furniture", "Furniture\Furniture.csproj", "{D0A3CC10-AE29-40AC-8657-E4D76E72E9C6}"
EndProject
Project("{9A19103F-16F7-4668-BE54-9A1E7A4F7556}") = "Race", "Race\Race.csproj", "{489E3C86-8CB5-4D6F-A15F-EFE9FC41C6D2}"
EndProject
Project("{FAE04EC0-301F-11D3-BF4B-00C04F79EFBC}") = "SoftUniBarIncome", "SoftUniBarIncome\SoftUniBarIncome.csproj", "{C2DEA945-2BFE-49A7-A2F0-4A321B72F131}"
EndProject
Global
	GlobalSection(SolutionConfigurationPlatforms) = preSolution
		Debug|Any CPU = Debug|Any CPU
		Release|Any CPU = Release|Any CPU
	EndGlobalSection
	GlobalSection(ProjectConfigurationPlatforms) = postSolution
		{D0A3CC10-AE29-40AC-8657-E4D76E72E9C6}.Debug|Any CPU.ActiveCfg = Debug|Any CPU
		{D0A3CC10-AE29-40AC-8657-E4D76E72E9C6}.Debug|Any CPU.Build.0 = Debug|Any CPU
		{D0A3CC10-AE29-40AC-8657-E4D76E72E9C6}.Release|Any CPU.ActiveCfg = Release|Any CPU
		{D0A3CC10-AE29-40AC-8657-E4D76E72E9C6}.Release|Any CPU.Build.0 = Release|Any CPU
		{489E3C86-8CB5-4D6F-A15F-EFE9FC41C6D2}.Debug|Any CPU.ActiveCfg = Debug|Any CPU
		{489E3C86-8CB5-4D6F-A15F-EFE9FC41C6D2}.Debug|Any CPU.Build.0 = Debug|Any CPU
		{489E3C86-8CB5-4D6F-A15F-EFE9FC41C6D2}.Release|Any CPU.ActiveCfg = Release|Any CPU
		{489E3C86-8CB5-4D6F-A15F-EFE9FC41C6D2}.Release|Any CPU.Build.0 = Release|Any CPU
		{C2DEA945-2BFE-49A7-A2F0-4A321B72F131}.Debug|Any CPU.ActiveCfg = Debug|Any CPU
		{C2DEA945-2BFE-49A7-A2F0-4A321B72F131}.Debug|Any CPU.Build.0 = Debug|Any CPU
		{C2DEA945-2BFE-49A7-A2F0-4A321B72F131}.Release|Any CPU.ActiveCfg = Release|Any CPU
		{C2DEA945-2BFE-49A7-A2F0-4A321B72F131}.Release|Any CPU.Build.0 = Release|Any CPU
	EndGlobalSection
	GlobalSection(SolutionProperties) = preSolution
		HideSolutionNode = FALSE
	EndGlobalSection
	GlobalSection(ExtensibilityGlobals) = postSolution
		SolutionGuid = {D97BA515-103F-4D9D-92BB-3B7CE816DF03}
	EndGlobalSection
EndGlobal
