
Microsoft Visual Studio Solution File, Format Version 12.00
# Visual Studio Version 16
VisualStudioVersion = 16.0.30621.155
MinimumVisualStudioVersion = 10.0.40219.1
Project("{FAE04EC0-301F-11D3-BF4B-00C04F79EFBC}") = "AverageNumber", "AverageNumber\AverageNumber.csproj", "{0E937E82-1629-4A0D-92E7-4430EF4DEE26}"
EndProject
Global
	GlobalSection(SolutionConfigurationPlatforms) = preSolution
		Debug|Any CPU = Debug|Any CPU
		Release|Any CPU = Release|Any CPU
	EndGlobalSection
	GlobalSection(ProjectConfigurationPlatforms) = postSolution
		{0E937E82-1629-4A0D-92E7-4430EF4DEE26}.Debug|Any CPU.ActiveCfg = Debug|Any CPU
		{0E937E82-1629-4A0D-92E7-4430EF4DEE26}.Debug|Any CPU.Build.0 = Debug|Any CPU
		{0E937E82-1629-4A0D-92E7-4430EF4DEE26}.Release|Any CPU.ActiveCfg = Release|Any CPU
		{0E937E82-1629-4A0D-92E7-4430EF4DEE26}.Release|Any CPU.Build.0 = Release|Any CPU
	EndGlobalSection
	GlobalSection(SolutionProperties) = preSolution
		HideSolutionNode = FALSE
	EndGlobalSection
	GlobalSection(ExtensibilityGlobals) = postSolution
		SolutionGuid = {D1E6D5DA-4226-44B0-9F28-9B88B524B7C9}
	EndGlobalSection
EndGlobal
