
Microsoft Visual Studio Solution File, Format Version 12.00
# Visual Studio Version 16
VisualStudioVersion = 16.0.30621.155
MinimumVisualStudioVersion = 10.0.40219.1
Project("{FAE04EC0-301F-11D3-BF4B-00C04F79EFBC}") = "01.Scheduling", "01.Scheduling\01.Scheduling.csproj", "{C0EDA339-2F81-4922-AC0E-1D971568172F}"
EndProject
Project("{FAE04EC0-301F-11D3-BF4B-00C04F79EFBC}") = "02.Garden", "02.Garden\02.Garden.csproj", "{F89924E1-E64E-4C51-BEAC-4B48B4C2507A}"
EndProject
Global
	GlobalSection(SolutionConfigurationPlatforms) = preSolution
		Debug|Any CPU = Debug|Any CPU
		Release|Any CPU = Release|Any CPU
	EndGlobalSection
	GlobalSection(ProjectConfigurationPlatforms) = postSolution
		{C0EDA339-2F81-4922-AC0E-1D971568172F}.Debug|Any CPU.ActiveCfg = Debug|Any CPU
		{C0EDA339-2F81-4922-AC0E-1D971568172F}.Debug|Any CPU.Build.0 = Debug|Any CPU
		{C0EDA339-2F81-4922-AC0E-1D971568172F}.Release|Any CPU.ActiveCfg = Release|Any CPU
		{C0EDA339-2F81-4922-AC0E-1D971568172F}.Release|Any CPU.Build.0 = Release|Any CPU
		{F89924E1-E64E-4C51-BEAC-4B48B4C2507A}.Debug|Any CPU.ActiveCfg = Debug|Any CPU
		{F89924E1-E64E-4C51-BEAC-4B48B4C2507A}.Debug|Any CPU.Build.0 = Debug|Any CPU
		{F89924E1-E64E-4C51-BEAC-4B48B4C2507A}.Release|Any CPU.ActiveCfg = Release|Any CPU
		{F89924E1-E64E-4C51-BEAC-4B48B4C2507A}.Release|Any CPU.Build.0 = Release|Any CPU
	EndGlobalSection
	GlobalSection(SolutionProperties) = preSolution
		HideSolutionNode = FALSE
	EndGlobalSection
	GlobalSection(ExtensibilityGlobals) = postSolution
		SolutionGuid = {A0F3D233-206B-4DF1-BF38-8928DF462869}
	EndGlobalSection
EndGlobal
