
Microsoft Visual Studio Solution File, Format Version 12.00
# Visual Studio Version 16
VisualStudioVersion = 16.0.30621.155
MinimumVisualStudioVersion = 10.0.40219.1
Project("{9A19103F-16F7-4668-BE54-9A1E7A4F7556}") = "01.SortEvenNumbers", "01.SortEvenNumbers\01.SortEvenNumbers.csproj", "{0D097A38-80FE-4055-8C09-3401318BB41A}"
EndProject
Project("{9A19103F-16F7-4668-BE54-9A1E7A4F7556}") = "02.SumNumbers", "02.SumNumbers\02.SumNumbers.csproj", "{2E827EF7-A44E-4493-837C-60A3AAF58394}"
EndProject
Project("{9A19103F-16F7-4668-BE54-9A1E7A4F7556}") = "03.CountUppercaseWords", "03.CountUppercaseWords\03.CountUppercaseWords.csproj", "{40E14F47-4A78-4AF0-A8B8-208FEE0534DF}"
EndProject
Project("{9A19103F-16F7-4668-BE54-9A1E7A4F7556}") = "04.AddVAT", "04.AddVAT\04.AddVAT.csproj", "{DDB55331-6C3E-4F97-BA5D-20623C40F684}"
EndProject
Project("{FAE04EC0-301F-11D3-BF4B-00C04F79EFBC}") = "05.FilterByAge", "05.FilterByAge\05.FilterByAge.csproj", "{956C51EB-A77C-4D56-B1B0-0FA574DD1A57}"
EndProject
Global
	GlobalSection(SolutionConfigurationPlatforms) = preSolution
		Debug|Any CPU = Debug|Any CPU
		Release|Any CPU = Release|Any CPU
	EndGlobalSection
	GlobalSection(ProjectConfigurationPlatforms) = postSolution
		{0D097A38-80FE-4055-8C09-3401318BB41A}.Debug|Any CPU.ActiveCfg = Debug|Any CPU
		{0D097A38-80FE-4055-8C09-3401318BB41A}.Debug|Any CPU.Build.0 = Debug|Any CPU
		{0D097A38-80FE-4055-8C09-3401318BB41A}.Release|Any CPU.ActiveCfg = Release|Any CPU
		{0D097A38-80FE-4055-8C09-3401318BB41A}.Release|Any CPU.Build.0 = Release|Any CPU
		{2E827EF7-A44E-4493-837C-60A3AAF58394}.Debug|Any CPU.ActiveCfg = Debug|Any CPU
		{2E827EF7-A44E-4493-837C-60A3AAF58394}.Debug|Any CPU.Build.0 = Debug|Any CPU
		{2E827EF7-A44E-4493-837C-60A3AAF58394}.Release|Any CPU.ActiveCfg = Release|Any CPU
		{2E827EF7-A44E-4493-837C-60A3AAF58394}.Release|Any CPU.Build.0 = Release|Any CPU
		{40E14F47-4A78-4AF0-A8B8-208FEE0534DF}.Debug|Any CPU.ActiveCfg = Debug|Any CPU
		{40E14F47-4A78-4AF0-A8B8-208FEE0534DF}.Debug|Any CPU.Build.0 = Debug|Any CPU
		{40E14F47-4A78-4AF0-A8B8-208FEE0534DF}.Release|Any CPU.ActiveCfg = Release|Any CPU
		{40E14F47-4A78-4AF0-A8B8-208FEE0534DF}.Release|Any CPU.Build.0 = Release|Any CPU
		{DDB55331-6C3E-4F97-BA5D-20623C40F684}.Debug|Any CPU.ActiveCfg = Debug|Any CPU
		{DDB55331-6C3E-4F97-BA5D-20623C40F684}.Debug|Any CPU.Build.0 = Debug|Any CPU
		{DDB55331-6C3E-4F97-BA5D-20623C40F684}.Release|Any CPU.ActiveCfg = Release|Any CPU
		{DDB55331-6C3E-4F97-BA5D-20623C40F684}.Release|Any CPU.Build.0 = Release|Any CPU
		{956C51EB-A77C-4D56-B1B0-0FA574DD1A57}.Debug|Any CPU.ActiveCfg = Debug|Any CPU
		{956C51EB-A77C-4D56-B1B0-0FA574DD1A57}.Debug|Any CPU.Build.0 = Debug|Any CPU
		{956C51EB-A77C-4D56-B1B0-0FA574DD1A57}.Release|Any CPU.ActiveCfg = Release|Any CPU
		{956C51EB-A77C-4D56-B1B0-0FA574DD1A57}.Release|Any CPU.Build.0 = Release|Any CPU
	EndGlobalSection
	GlobalSection(SolutionProperties) = preSolution
		HideSolutionNode = FALSE
	EndGlobalSection
	GlobalSection(ExtensibilityGlobals) = postSolution
		SolutionGuid = {51F1E10C-DE56-432F-AD19-806099087DB5}
	EndGlobalSection
EndGlobal
