
Microsoft Visual Studio Solution File, Format Version 12.00
# Visual Studio Version 16
VisualStudioVersion = 16.0.30621.155
MinimumVisualStudioVersion = 10.0.40219.1
Project("{FAE04EC0-301F-11D3-BF4B-00C04F79EFBC}") = "BinaryDigitsCount", "BinaryDigitsCount\BinaryDigitsCount.csproj", "{708988A0-BC27-4065-99AF-57F9918ADE6E}"
EndProject
Project("{FAE04EC0-301F-11D3-BF4B-00C04F79EFBC}") = "BitAtPosition1", "BitAtPosition1\BitAtPosition1.csproj", "{BEA73DD3-51EB-431D-9CC0-4F763F91A60C}"
EndProject
Project("{FAE04EC0-301F-11D3-BF4B-00C04F79EFBC}") = "P-thBit", "P-thBit\P-thBit.csproj", "{5481D01F-D99E-41CF-8571-A7C48CA1D172}"
EndProject
Project("{FAE04EC0-301F-11D3-BF4B-00C04F79EFBC}") = "BitDestroyer", "BitDestroyer\BitDestroyer.csproj", "{3B91179B-EDF8-4537-B553-AE0C25668F36}"
EndProject
Global
	GlobalSection(SolutionConfigurationPlatforms) = preSolution
		Debug|Any CPU = Debug|Any CPU
		Release|Any CPU = Release|Any CPU
	EndGlobalSection
	GlobalSection(ProjectConfigurationPlatforms) = postSolution
		{708988A0-BC27-4065-99AF-57F9918ADE6E}.Debug|Any CPU.ActiveCfg = Debug|Any CPU
		{708988A0-BC27-4065-99AF-57F9918ADE6E}.Debug|Any CPU.Build.0 = Debug|Any CPU
		{708988A0-BC27-4065-99AF-57F9918ADE6E}.Release|Any CPU.ActiveCfg = Release|Any CPU
		{708988A0-BC27-4065-99AF-57F9918ADE6E}.Release|Any CPU.Build.0 = Release|Any CPU
		{BEA73DD3-51EB-431D-9CC0-4F763F91A60C}.Debug|Any CPU.ActiveCfg = Debug|Any CPU
		{BEA73DD3-51EB-431D-9CC0-4F763F91A60C}.Debug|Any CPU.Build.0 = Debug|Any CPU
		{BEA73DD3-51EB-431D-9CC0-4F763F91A60C}.Release|Any CPU.ActiveCfg = Release|Any CPU
		{BEA73DD3-51EB-431D-9CC0-4F763F91A60C}.Release|Any CPU.Build.0 = Release|Any CPU
		{5481D01F-D99E-41CF-8571-A7C48CA1D172}.Debug|Any CPU.ActiveCfg = Debug|Any CPU
		{5481D01F-D99E-41CF-8571-A7C48CA1D172}.Debug|Any CPU.Build.0 = Debug|Any CPU
		{5481D01F-D99E-41CF-8571-A7C48CA1D172}.Release|Any CPU.ActiveCfg = Release|Any CPU
		{5481D01F-D99E-41CF-8571-A7C48CA1D172}.Release|Any CPU.Build.0 = Release|Any CPU
		{3B91179B-EDF8-4537-B553-AE0C25668F36}.Debug|Any CPU.ActiveCfg = Debug|Any CPU
		{3B91179B-EDF8-4537-B553-AE0C25668F36}.Debug|Any CPU.Build.0 = Debug|Any CPU
		{3B91179B-EDF8-4537-B553-AE0C25668F36}.Release|Any CPU.ActiveCfg = Release|Any CPU
		{3B91179B-EDF8-4537-B553-AE0C25668F36}.Release|Any CPU.Build.0 = Release|Any CPU
	EndGlobalSection
	GlobalSection(SolutionProperties) = preSolution
		HideSolutionNode = FALSE
	EndGlobalSection
	GlobalSection(ExtensibilityGlobals) = postSolution
		SolutionGuid = {2327B05D-2400-4CF3-9CC9-BDA1FF4B8B8D}
	EndGlobalSection
EndGlobal
