
Microsoft Visual Studio Solution File, Format Version 12.00
# Visual Studio Version 16
VisualStudioVersion = 16.0.30621.155
MinimumVisualStudioVersion = 10.0.40219.1
Project("{9A19103F-16F7-4668-BE54-9A1E7A4F7556}") = "02.Warships", "02.Warships\02.Warships.csproj", "{9CF411F1-7104-4809-A7C6-75F53934A154}"
EndProject
Project("{FAE04EC0-301F-11D3-BF4B-00C04F79EFBC}") = "01.TheFightForGondor", "01.TheFightForGondor\01.TheFightForGondor.csproj", "{D1775AE9-E758-42D6-AFAC-ED4176E92B7C}"
EndProject
Global
	GlobalSection(SolutionConfigurationPlatforms) = preSolution
		Debug|Any CPU = Debug|Any CPU
		Release|Any CPU = Release|Any CPU
	EndGlobalSection
	GlobalSection(ProjectConfigurationPlatforms) = postSolution
		{9CF411F1-7104-4809-A7C6-75F53934A154}.Debug|Any CPU.ActiveCfg = Debug|Any CPU
		{9CF411F1-7104-4809-A7C6-75F53934A154}.Debug|Any CPU.Build.0 = Debug|Any CPU
		{9CF411F1-7104-4809-A7C6-75F53934A154}.Release|Any CPU.ActiveCfg = Release|Any CPU
		{9CF411F1-7104-4809-A7C6-75F53934A154}.Release|Any CPU.Build.0 = Release|Any CPU
		{D1775AE9-E758-42D6-AFAC-ED4176E92B7C}.Debug|Any CPU.ActiveCfg = Debug|Any CPU
		{D1775AE9-E758-42D6-AFAC-ED4176E92B7C}.Debug|Any CPU.Build.0 = Debug|Any CPU
		{D1775AE9-E758-42D6-AFAC-ED4176E92B7C}.Release|Any CPU.ActiveCfg = Release|Any CPU
		{D1775AE9-E758-42D6-AFAC-ED4176E92B7C}.Release|Any CPU.Build.0 = Release|Any CPU
	EndGlobalSection
	GlobalSection(SolutionProperties) = preSolution
		HideSolutionNode = FALSE
	EndGlobalSection
	GlobalSection(ExtensibilityGlobals) = postSolution
		SolutionGuid = {11ADB37E-AFCE-4163-8E41-5D458D619AE7}
	EndGlobalSection
EndGlobal
