
Microsoft Visual Studio Solution File, Format Version 12.00
# Visual Studio Version 16
VisualStudioVersion = 16.0.30621.155
MinimumVisualStudioVersion = 10.0.40219.1
Project("{FAE04EC0-301F-11D3-BF4B-00C04F79EFBC}") = "01.Bombs", "01.Bombs\01.Bombs.csproj", "{77ABF0B0-4C6B-432D-A8A8-D0542385F9E6}"
EndProject
Project("{FAE04EC0-301F-11D3-BF4B-00C04F79EFBC}") = "02.Snake", "02.Snake\02.Snake.csproj", "{D0109563-CFD2-49E3-BBC1-989DAD8DA880}"
EndProject
Global
	GlobalSection(SolutionConfigurationPlatforms) = preSolution
		Debug|Any CPU = Debug|Any CPU
		Release|Any CPU = Release|Any CPU
	EndGlobalSection
	GlobalSection(ProjectConfigurationPlatforms) = postSolution
		{77ABF0B0-4C6B-432D-A8A8-D0542385F9E6}.Debug|Any CPU.ActiveCfg = Debug|Any CPU
		{77ABF0B0-4C6B-432D-A8A8-D0542385F9E6}.Debug|Any CPU.Build.0 = Debug|Any CPU
		{77ABF0B0-4C6B-432D-A8A8-D0542385F9E6}.Release|Any CPU.ActiveCfg = Release|Any CPU
		{77ABF0B0-4C6B-432D-A8A8-D0542385F9E6}.Release|Any CPU.Build.0 = Release|Any CPU
		{D0109563-CFD2-49E3-BBC1-989DAD8DA880}.Debug|Any CPU.ActiveCfg = Debug|Any CPU
		{D0109563-CFD2-49E3-BBC1-989DAD8DA880}.Debug|Any CPU.Build.0 = Debug|Any CPU
		{D0109563-CFD2-49E3-BBC1-989DAD8DA880}.Release|Any CPU.ActiveCfg = Release|Any CPU
		{D0109563-CFD2-49E3-BBC1-989DAD8DA880}.Release|Any CPU.Build.0 = Release|Any CPU
	EndGlobalSection
	GlobalSection(SolutionProperties) = preSolution
		HideSolutionNode = FALSE
	EndGlobalSection
	GlobalSection(ExtensibilityGlobals) = postSolution
		SolutionGuid = {50300161-3A28-447D-B994-F83996341773}
	EndGlobalSection
EndGlobal
