
Microsoft Visual Studio Solution File, Format Version 12.00
# Visual Studio Version 16
VisualStudioVersion = 16.0.30621.155
MinimumVisualStudioVersion = 10.0.40219.1
Project("{FAE04EC0-301F-11D3-BF4B-00C04F79EFBC}") = "Shapes", "Shapes\Shapes.csproj", "{3BC4CCC3-50B7-42FE-85ED-A379FE37247D}"
EndProject
Project("{FAE04EC0-301F-11D3-BF4B-00C04F79EFBC}") = "Cars", "Cars\Cars.csproj", "{3AD21700-E6E7-4F1A-838E-97B5EAADE9BA}"
EndProject
Global
	GlobalSection(SolutionConfigurationPlatforms) = preSolution
		Debug|Any CPU = Debug|Any CPU
		Release|Any CPU = Release|Any CPU
	EndGlobalSection
	GlobalSection(ProjectConfigurationPlatforms) = postSolution
		{3BC4CCC3-50B7-42FE-85ED-A379FE37247D}.Debug|Any CPU.ActiveCfg = Debug|Any CPU
		{3BC4CCC3-50B7-42FE-85ED-A379FE37247D}.Debug|Any CPU.Build.0 = Debug|Any CPU
		{3BC4CCC3-50B7-42FE-85ED-A379FE37247D}.Release|Any CPU.ActiveCfg = Release|Any CPU
		{3BC4CCC3-50B7-42FE-85ED-A379FE37247D}.Release|Any CPU.Build.0 = Release|Any CPU
		{3AD21700-E6E7-4F1A-838E-97B5EAADE9BA}.Debug|Any CPU.ActiveCfg = Debug|Any CPU
		{3AD21700-E6E7-4F1A-838E-97B5EAADE9BA}.Debug|Any CPU.Build.0 = Debug|Any CPU
		{3AD21700-E6E7-4F1A-838E-97B5EAADE9BA}.Release|Any CPU.ActiveCfg = Release|Any CPU
		{3AD21700-E6E7-4F1A-838E-97B5EAADE9BA}.Release|Any CPU.Build.0 = Release|Any CPU
	EndGlobalSection
	GlobalSection(SolutionProperties) = preSolution
		HideSolutionNode = FALSE
	EndGlobalSection
	GlobalSection(ExtensibilityGlobals) = postSolution
		SolutionGuid = {B13C2F0A-7EEF-44B5-ADA0-4F5DF9FDDDCD}
	EndGlobalSection
EndGlobal
