
Microsoft Visual Studio Solution File, Format Version 12.00
# Visual Studio Version 16
VisualStudioVersion = 16.0.30621.155
MinimumVisualStudioVersion = 10.0.40219.1
Project("{9A19103F-16F7-4668-BE54-9A1E7A4F7556}") = "ConvertMetersToKilometers", "ConvertMetersToKilometers\ConvertMetersToKilometers.csproj", "{077E4EFA-FF1D-4770-9869-F5C52715DE4D}"
EndProject
Project("{9A19103F-16F7-4668-BE54-9A1E7A4F7556}") = "PoundsToDollars", "PoundsToDollars\PoundsToDollars.csproj", "{B312516C-F469-43F7-B8A7-3B84834F2C40}"
EndProject
Project("{9A19103F-16F7-4668-BE54-9A1E7A4F7556}") = "ExactSumOfRealNumbers", "ExactSumOfRealNumbers\ExactSumOfRealNumbers.csproj", "{32B90EDB-A165-40EC-AA6C-500F0E27AD0F}"
EndProject
Project("{FAE04EC0-301F-11D3-BF4B-00C04F79EFBC}") = "CenturiesToMinutes", "CenturiesToMinutes\CenturiesToMinutes.csproj", "{96AA8D0D-7F0A-471F-BF2D-BEFA6CB85EAD}"
EndProject
Project("{FAE04EC0-301F-11D3-BF4B-00C04F79EFBC}") = "SpecialNumbers", "SpecialNumbers\SpecialNumbers.csproj", "{67B52453-5DAD-4ECD-85EA-BB262ABDC066}"
EndProject
Global
	GlobalSection(SolutionConfigurationPlatforms) = preSolution
		Debug|Any CPU = Debug|Any CPU
		Release|Any CPU = Release|Any CPU
	EndGlobalSection
	GlobalSection(ProjectConfigurationPlatforms) = postSolution
		{077E4EFA-FF1D-4770-9869-F5C52715DE4D}.Debug|Any CPU.ActiveCfg = Debug|Any CPU
		{077E4EFA-FF1D-4770-9869-F5C52715DE4D}.Debug|Any CPU.Build.0 = Debug|Any CPU
		{077E4EFA-FF1D-4770-9869-F5C52715DE4D}.Release|Any CPU.ActiveCfg = Release|Any CPU
		{077E4EFA-FF1D-4770-9869-F5C52715DE4D}.Release|Any CPU.Build.0 = Release|Any CPU
		{B312516C-F469-43F7-B8A7-3B84834F2C40}.Debug|Any CPU.ActiveCfg = Debug|Any CPU
		{B312516C-F469-43F7-B8A7-3B84834F2C40}.Debug|Any CPU.Build.0 = Debug|Any CPU
		{B312516C-F469-43F7-B8A7-3B84834F2C40}.Release|Any CPU.ActiveCfg = Release|Any CPU
		{B312516C-F469-43F7-B8A7-3B84834F2C40}.Release|Any CPU.Build.0 = Release|Any CPU
		{32B90EDB-A165-40EC-AA6C-500F0E27AD0F}.Debug|Any CPU.ActiveCfg = Debug|Any CPU
		{32B90EDB-A165-40EC-AA6C-500F0E27AD0F}.Debug|Any CPU.Build.0 = Debug|Any CPU
		{32B90EDB-A165-40EC-AA6C-500F0E27AD0F}.Release|Any CPU.ActiveCfg = Release|Any CPU
		{32B90EDB-A165-40EC-AA6C-500F0E27AD0F}.Release|Any CPU.Build.0 = Release|Any CPU
		{96AA8D0D-7F0A-471F-BF2D-BEFA6CB85EAD}.Debug|Any CPU.ActiveCfg = Debug|Any CPU
		{96AA8D0D-7F0A-471F-BF2D-BEFA6CB85EAD}.Debug|Any CPU.Build.0 = Debug|Any CPU
		{96AA8D0D-7F0A-471F-BF2D-BEFA6CB85EAD}.Release|Any CPU.ActiveCfg = Release|Any CPU
		{96AA8D0D-7F0A-471F-BF2D-BEFA6CB85EAD}.Release|Any CPU.Build.0 = Release|Any CPU
		{67B52453-5DAD-4ECD-85EA-BB262ABDC066}.Debug|Any CPU.ActiveCfg = Debug|Any CPU
		{67B52453-5DAD-4ECD-85EA-BB262ABDC066}.Debug|Any CPU.Build.0 = Debug|Any CPU
		{67B52453-5DAD-4ECD-85EA-BB262ABDC066}.Release|Any CPU.ActiveCfg = Release|Any CPU
		{67B52453-5DAD-4ECD-85EA-BB262ABDC066}.Release|Any CPU.Build.0 = Release|Any CPU
	EndGlobalSection
	GlobalSection(SolutionProperties) = preSolution
		HideSolutionNode = FALSE
	EndGlobalSection
	GlobalSection(ExtensibilityGlobals) = postSolution
		SolutionGuid = {35265388-041F-41EB-AB3B-FC37571DECF1}
	EndGlobalSection
EndGlobal
