
Microsoft Visual Studio Solution File, Format Version 12.00
# Visual Studio Version 16
VisualStudioVersion = 16.0.30621.155
MinimumVisualStudioVersion = 10.0.40219.1
Project("{9A19103F-16F7-4668-BE54-9A1E7A4F7556}") = "DayOfWeek", "DayOfWeek\DayOfWeek.csproj", "{BADB9E53-5AB4-4878-AA75-339BC0D81E74}"
EndProject
Project("{9A19103F-16F7-4668-BE54-9A1E7A4F7556}") = "WeekendOrWorkingDay", "WeekendOrWorkingDay\WeekendOrWorkingDay.csproj", "{8307456C-CF84-4C3E-A924-556DFCA57AD9}"
EndProject
Project("{9A19103F-16F7-4668-BE54-9A1E7A4F7556}") = "AnimalType", "AnimalType\AnimalType.csproj", "{B0F5D080-A2CD-4EE5-BD59-6834C09C4166}"
EndProject
Project("{9A19103F-16F7-4668-BE54-9A1E7A4F7556}") = "PersonalTitles", "PersonalTitles\PersonalTitles.csproj", "{3EC66717-4FBA-40FC-BD29-7A1CF616975A}"
EndProject
Project("{9A19103F-16F7-4668-BE54-9A1E7A4F7556}") = "SmallShop", "SmallShop\SmallShop.csproj", "{BCC7C4B4-D3E1-47C6-A9AF-CC3F25331D30}"
EndProject
Project("{9A19103F-16F7-4668-BE54-9A1E7A4F7556}") = "NumberInRange", "NumberInRange\NumberInRange.csproj", "{BCDB8A1A-27B7-4D9B-B8DB-A78AACE87D55}"
EndProject
Project("{9A19103F-16F7-4668-BE54-9A1E7A4F7556}") = "WorkingHours", "WorkingHours\WorkingHours.csproj", "{47B77ECD-ECB0-46F1-8B6D-1D3E8414AAD7}"
EndProject
Project("{9A19103F-16F7-4668-BE54-9A1E7A4F7556}") = "CinemaTicket", "CinemaTicket\CinemaTicket.csproj", "{214DBC1E-2368-4B91-8D07-62BAD85F4134}"
EndProject
Project("{9A19103F-16F7-4668-BE54-9A1E7A4F7556}") = "FruitOrVegetable", "FruitOrVegetable\FruitOrVegetable.csproj", "{F5FC3265-9EA7-4D5F-97DA-9BDEF08463BE}"
EndProject
Project("{9A19103F-16F7-4668-BE54-9A1E7A4F7556}") = "InvalidNumber", "InvalidNumber\InvalidNumber.csproj", "{FFCCD403-67D4-467C-B19E-74B0F453FEF9}"
EndProject
Project("{9A19103F-16F7-4668-BE54-9A1E7A4F7556}") = "FruitShop", "FruitShop\FruitShop.csproj", "{F3DDD7EF-37B7-4199-8367-15BC924FE0C5}"
EndProject
Project("{FAE04EC0-301F-11D3-BF4B-00C04F79EFBC}") = "TradeCommissions", "TradeCommissions\TradeCommissions.csproj", "{EFD92911-DCE0-4845-9F1B-CC82CC202323}"
EndProject
Project("{FAE04EC0-301F-11D3-BF4B-00C04F79EFBC}") = "SkiTrip", "SkiTrip\SkiTrip.csproj", "{530514C3-059E-4A5A-8447-C444E1846D73}"
EndProject
Global
	GlobalSection(SolutionConfigurationPlatforms) = preSolution
		Debug|Any CPU = Debug|Any CPU
		Release|Any CPU = Release|Any CPU
	EndGlobalSection
	GlobalSection(ProjectConfigurationPlatforms) = postSolution
		{BADB9E53-5AB4-4878-AA75-339BC0D81E74}.Debug|Any CPU.ActiveCfg = Debug|Any CPU
		{BADB9E53-5AB4-4878-AA75-339BC0D81E74}.Debug|Any CPU.Build.0 = Debug|Any CPU
		{BADB9E53-5AB4-4878-AA75-339BC0D81E74}.Release|Any CPU.ActiveCfg = Release|Any CPU
		{BADB9E53-5AB4-4878-AA75-339BC0D81E74}.Release|Any CPU.Build.0 = Release|Any CPU
		{8307456C-CF84-4C3E-A924-556DFCA57AD9}.Debug|Any CPU.ActiveCfg = Debug|Any CPU
		{8307456C-CF84-4C3E-A924-556DFCA57AD9}.Debug|Any CPU.Build.0 = Debug|Any CPU
		{8307456C-CF84-4C3E-A924-556DFCA57AD9}.Release|Any CPU.ActiveCfg = Release|Any CPU
		{8307456C-CF84-4C3E-A924-556DFCA57AD9}.Release|Any CPU.Build.0 = Release|Any CPU
		{B0F5D080-A2CD-4EE5-BD59-6834C09C4166}.Debug|Any CPU.ActiveCfg = Debug|Any CPU
		{B0F5D080-A2CD-4EE5-BD59-6834C09C4166}.Debug|Any CPU.Build.0 = Debug|Any CPU
		{B0F5D080-A2CD-4EE5-BD59-6834C09C4166}.Release|Any CPU.ActiveCfg = Release|Any CPU
		{B0F5D080-A2CD-4EE5-BD59-6834C09C4166}.Release|Any CPU.Build.0 = Release|Any CPU
		{3EC66717-4FBA-40FC-BD29-7A1CF616975A}.Debug|Any CPU.ActiveCfg = Debug|Any CPU
		{3EC66717-4FBA-40FC-BD29-7A1CF616975A}.Debug|Any CPU.Build.0 = Debug|Any CPU
		{3EC66717-4FBA-40FC-BD29-7A1CF616975A}.Release|Any CPU.ActiveCfg = Release|Any CPU
		{3EC66717-4FBA-40FC-BD29-7A1CF616975A}.Release|Any CPU.Build.0 = Release|Any CPU
		{BCC7C4B4-D3E1-47C6-A9AF-CC3F25331D30}.Debug|Any CPU.ActiveCfg = Debug|Any CPU
		{BCC7C4B4-D3E1-47C6-A9AF-CC3F25331D30}.Debug|Any CPU.Build.0 = Debug|Any CPU
		{BCC7C4B4-D3E1-47C6-A9AF-CC3F25331D30}.Release|Any CPU.ActiveCfg = Release|Any CPU
		{BCC7C4B4-D3E1-47C6-A9AF-CC3F25331D30}.Release|Any CPU.Build.0 = Release|Any CPU
		{BCDB8A1A-27B7-4D9B-B8DB-A78AACE87D55}.Debug|Any CPU.ActiveCfg = Debug|Any CPU
		{BCDB8A1A-27B7-4D9B-B8DB-A78AACE87D55}.Debug|Any CPU.Build.0 = Debug|Any CPU
		{BCDB8A1A-27B7-4D9B-B8DB-A78AACE87D55}.Release|Any CPU.ActiveCfg = Release|Any CPU
		{BCDB8A1A-27B7-4D9B-B8DB-A78AACE87D55}.Release|Any CPU.Build.0 = Release|Any CPU
		{47B77ECD-ECB0-46F1-8B6D-1D3E8414AAD7}.Debug|Any CPU.ActiveCfg = Debug|Any CPU
		{47B77ECD-ECB0-46F1-8B6D-1D3E8414AAD7}.Debug|Any CPU.Build.0 = Debug|Any CPU
		{47B77ECD-ECB0-46F1-8B6D-1D3E8414AAD7}.Release|Any CPU.ActiveCfg = Release|Any CPU
		{47B77ECD-ECB0-46F1-8B6D-1D3E8414AAD7}.Release|Any CPU.Build.0 = Release|Any CPU
		{214DBC1E-2368-4B91-8D07-62BAD85F4134}.Debug|Any CPU.ActiveCfg = Debug|Any CPU
		{214DBC1E-2368-4B91-8D07-62BAD85F4134}.Debug|Any CPU.Build.0 = Debug|Any CPU
		{214DBC1E-2368-4B91-8D07-62BAD85F4134}.Release|Any CPU.ActiveCfg = Release|Any CPU
		{214DBC1E-2368-4B91-8D07-62BAD85F4134}.Release|Any CPU.Build.0 = Release|Any CPU
		{F5FC3265-9EA7-4D5F-97DA-9BDEF08463BE}.Debug|Any CPU.ActiveCfg = Debug|Any CPU
		{F5FC3265-9EA7-4D5F-97DA-9BDEF08463BE}.Debug|Any CPU.Build.0 = Debug|Any CPU
		{F5FC3265-9EA7-4D5F-97DA-9BDEF08463BE}.Release|Any CPU.ActiveCfg = Release|Any CPU
		{F5FC3265-9EA7-4D5F-97DA-9BDEF08463BE}.Release|Any CPU.Build.0 = Release|Any CPU
		{FFCCD403-67D4-467C-B19E-74B0F453FEF9}.Debug|Any CPU.ActiveCfg = Debug|Any CPU
		{FFCCD403-67D4-467C-B19E-74B0F453FEF9}.Debug|Any CPU.Build.0 = Debug|Any CPU
		{FFCCD403-67D4-467C-B19E-74B0F453FEF9}.Release|Any CPU.ActiveCfg = Release|Any CPU
		{FFCCD403-67D4-467C-B19E-74B0F453FEF9}.Release|Any CPU.Build.0 = Release|Any CPU
		{F3DDD7EF-37B7-4199-8367-15BC924FE0C5}.Debug|Any CPU.ActiveCfg = Debug|Any CPU
		{F3DDD7EF-37B7-4199-8367-15BC924FE0C5}.Debug|Any CPU.Build.0 = Debug|Any CPU
		{F3DDD7EF-37B7-4199-8367-15BC924FE0C5}.Release|Any CPU.ActiveCfg = Release|Any CPU
		{F3DDD7EF-37B7-4199-8367-15BC924FE0C5}.Release|Any CPU.Build.0 = Release|Any CPU
		{EFD92911-DCE0-4845-9F1B-CC82CC202323}.Debug|Any CPU.ActiveCfg = Debug|Any CPU
		{EFD92911-DCE0-4845-9F1B-CC82CC202323}.Debug|Any CPU.Build.0 = Debug|Any CPU
		{EFD92911-DCE0-4845-9F1B-CC82CC202323}.Release|Any CPU.ActiveCfg = Release|Any CPU
		{EFD92911-DCE0-4845-9F1B-CC82CC202323}.Release|Any CPU.Build.0 = Release|Any CPU
		{530514C3-059E-4A5A-8447-C444E1846D73}.Debug|Any CPU.ActiveCfg = Debug|Any CPU
		{530514C3-059E-4A5A-8447-C444E1846D73}.Debug|Any CPU.Build.0 = Debug|Any CPU
		{530514C3-059E-4A5A-8447-C444E1846D73}.Release|Any CPU.ActiveCfg = Release|Any CPU
		{530514C3-059E-4A5A-8447-C444E1846D73}.Release|Any CPU.Build.0 = Release|Any CPU
	EndGlobalSection
	GlobalSection(SolutionProperties) = preSolution
		HideSolutionNode = FALSE
	EndGlobalSection
	GlobalSection(ExtensibilityGlobals) = postSolution
		SolutionGuid = {AD930BC5-693F-47BD-8586-8D9228C55DBC}
	EndGlobalSection
EndGlobal
