
Microsoft Visual Studio Solution File, Format Version 12.00
# Visual Studio Version 16
VisualStudioVersion = 16.0.30621.155
MinimumVisualStudioVersion = 10.0.40219.1
Project("{FAE04EC0-301F-11D3-BF4B-00C04F79EFBC}") = "USDToBGN", "USDToBGN\USDToBGN.csproj", "{3F4212D5-554E-4A91-AD21-F580ADC32E4A}"
EndProject
Global
	GlobalSection(SolutionConfigurationPlatforms) = preSolution
		Debug|Any CPU = Debug|Any CPU
		Release|Any CPU = Release|Any CPU
	EndGlobalSection
	GlobalSection(ProjectConfigurationPlatforms) = postSolution
		{3F4212D5-554E-4A91-AD21-F580ADC32E4A}.Debug|Any CPU.ActiveCfg = Debug|Any CPU
		{3F4212D5-554E-4A91-AD21-F580ADC32E4A}.Debug|Any CPU.Build.0 = Debug|Any CPU
		{3F4212D5-554E-4A91-AD21-F580ADC32E4A}.Release|Any CPU.ActiveCfg = Release|Any CPU
		{3F4212D5-554E-4A91-AD21-F580ADC32E4A}.Release|Any CPU.Build.0 = Release|Any CPU
	EndGlobalSection
	GlobalSection(SolutionProperties) = preSolution
		HideSolutionNode = FALSE
	EndGlobalSection
	GlobalSection(ExtensibilityGlobals) = postSolution
		SolutionGuid = {353C97A0-E95B-462C-9ED2-B3ABFF72566B}
	EndGlobalSection
EndGlobal
