
Microsoft Visual Studio Solution File, Format Version 12.00
# Visual Studio Version 16
VisualStudioVersion = 16.0.30621.155
MinimumVisualStudioVersion = 10.0.40219.1
Project("{9A19103F-16F7-4668-BE54-9A1E7A4F7556}") = "01.TheImitationGame", "01.TheImitationGame\01.TheImitationGame.csproj", "{1CC81B74-D973-450D-8F7E-283FDB5B1BAB}"
EndProject
Project("{FAE04EC0-301F-11D3-BF4B-00C04F79EFBC}") = "02.AdAstra", "02.AdAstra\02.AdAstra.csproj", "{2589808B-DF5A-47D3-89FD-6073494EF6EC}"
EndProject
Project("{FAE04EC0-301F-11D3-BF4B-00C04F79EFBC}") = "03.ThePianist", "03.ThePianist\03.ThePianist.csproj", "{92112A8B-41B4-40E0-BD17-638D6A3EFEA7}"
EndProject
Global
	GlobalSection(SolutionConfigurationPlatforms) = preSolution
		Debug|Any CPU = Debug|Any CPU
		Release|Any CPU = Release|Any CPU
	EndGlobalSection
	GlobalSection(ProjectConfigurationPlatforms) = postSolution
		{1CC81B74-D973-450D-8F7E-283FDB5B1BAB}.Debug|Any CPU.ActiveCfg = Debug|Any CPU
		{1CC81B74-D973-450D-8F7E-283FDB5B1BAB}.Debug|Any CPU.Build.0 = Debug|Any CPU
		{1CC81B74-D973-450D-8F7E-283FDB5B1BAB}.Release|Any CPU.ActiveCfg = Release|Any CPU
		{1CC81B74-D973-450D-8F7E-283FDB5B1BAB}.Release|Any CPU.Build.0 = Release|Any CPU
		{2589808B-DF5A-47D3-89FD-6073494EF6EC}.Debug|Any CPU.ActiveCfg = Debug|Any CPU
		{2589808B-DF5A-47D3-89FD-6073494EF6EC}.Debug|Any CPU.Build.0 = Debug|Any CPU
		{2589808B-DF5A-47D3-89FD-6073494EF6EC}.Release|Any CPU.ActiveCfg = Release|Any CPU
		{2589808B-DF5A-47D3-89FD-6073494EF6EC}.Release|Any CPU.Build.0 = Release|Any CPU
		{92112A8B-41B4-40E0-BD17-638D6A3EFEA7}.Debug|Any CPU.ActiveCfg = Debug|Any CPU
		{92112A8B-41B4-40E0-BD17-638D6A3EFEA7}.Debug|Any CPU.Build.0 = Debug|Any CPU
		{92112A8B-41B4-40E0-BD17-638D6A3EFEA7}.Release|Any CPU.ActiveCfg = Release|Any CPU
		{92112A8B-41B4-40E0-BD17-638D6A3EFEA7}.Release|Any CPU.Build.0 = Release|Any CPU
	EndGlobalSection
	GlobalSection(SolutionProperties) = preSolution
		HideSolutionNode = FALSE
	EndGlobalSection
	GlobalSection(ExtensibilityGlobals) = postSolution
		SolutionGuid = {EBD58BAB-1506-4689-A7FA-88E905507DBC}
	EndGlobalSection
EndGlobal
