
Microsoft Visual Studio Solution File, Format Version 12.00
# Visual Studio Version 16
VisualStudioVersion = 16.0.30621.155
MinimumVisualStudioVersion = 10.0.40219.1
Project("{FAE04EC0-301F-11D3-BF4B-00C04F79EFBC}") = "GreetingByName", "GreetingByName\GreetingByName.csproj", "{8DD4D717-B3A3-464D-AAC8-44AFDC396F5E}"
EndProject
Global
	GlobalSection(SolutionConfigurationPlatforms) = preSolution
		Debug|Any CPU = Debug|Any CPU
		Release|Any CPU = Release|Any CPU
	EndGlobalSection
	GlobalSection(ProjectConfigurationPlatforms) = postSolution
		{8DD4D717-B3A3-464D-AAC8-44AFDC396F5E}.Debug|Any CPU.ActiveCfg = Debug|Any CPU
		{8DD4D717-B3A3-464D-AAC8-44AFDC396F5E}.Debug|Any CPU.Build.0 = Debug|Any CPU
		{8DD4D717-B3A3-464D-AAC8-44AFDC396F5E}.Release|Any CPU.ActiveCfg = Release|Any CPU
		{8DD4D717-B3A3-464D-AAC8-44AFDC396F5E}.Release|Any CPU.Build.0 = Release|Any CPU
	EndGlobalSection
	GlobalSection(SolutionProperties) = preSolution
		HideSolutionNode = FALSE
	EndGlobalSection
	GlobalSection(ExtensibilityGlobals) = postSolution
		SolutionGuid = {2B5F7270-2956-4D7B-A143-84D11E6FD049}
	EndGlobalSection
EndGlobal
